
Microsoft Visual Studio Solution File, Format Version 12.00
# Visual Studio 15
Project("{FAE04EC0-301F-11D3-BF4B-00C04F79EFBC}") = "Letters", "Letters\Letters.csproj", "{0147B98B-79AA-44C2-A003-4345A8DFBF06}"
EndProject
Project("{FAE04EC0-301F-11D3-BF4B-00C04F79EFBC}") = "LettersTests", "LettersTests\LettersTests.csproj", "{64E0157E-0EEC-4982-9EDB-1309BD47E5B6}"
EndProject
Global
	GlobalSection(SolutionConfigurationPlatforms) = preSolution
		Debug|Any CPU = Debug|Any CPU
		Release|Any CPU = Release|Any CPU
	EndGlobalSection
	GlobalSection(ProjectConfigurationPlatforms) = postSolution
		{0147B98B-79AA-44C2-A003-4345A8DFBF06}.Debug|Any CPU.ActiveCfg = Debug|Any CPU
		{0147B98B-79AA-44C2-A003-4345A8DFBF06}.Debug|Any CPU.Build.0 = Debug|Any CPU
		{0147B98B-79AA-44C2-A003-4345A8DFBF06}.Release|Any CPU.ActiveCfg = Release|Any CPU
		{0147B98B-79AA-44C2-A003-4345A8DFBF06}.Release|Any CPU.Build.0 = Release|Any CPU
		{64E0157E-0EEC-4982-9EDB-1309BD47E5B6}.Debug|Any CPU.ActiveCfg = Debug|Any CPU
		{64E0157E-0EEC-4982-9EDB-1309BD47E5B6}.Debug|Any CPU.Build.0 = Debug|Any CPU
		{64E0157E-0EEC-4982-9EDB-1309BD47E5B6}.Release|Any CPU.ActiveCfg = Release|Any CPU
		{64E0157E-0EEC-4982-9EDB-1309BD47E5B6}.Release|Any CPU.Build.0 = Release|Any CPU
	EndGlobalSection
EndGlobal
